
Microsoft Visual Studio Solution File, Format Version 12.00
# Visual Studio Version 17
VisualStudioVersion = 17.6.33801.468
MinimumVisualStudioVersion = 10.0.40219.1
Project("{FAE04EC0-301F-11D3-BF4B-00C04F79EFBC}") = "AllergyClass", "AllergyClass\AllergyClass.csproj", "{C01D2BE2-9E49-4C76-A66B-62D013250373}"
EndProject
Global
	GlobalSection(SolutionConfigurationPlatforms) = preSolution
		Debug|Any CPU = Debug|Any CPU
		Release|Any CPU = Release|Any CPU
	EndGlobalSection
	GlobalSection(ProjectConfigurationPlatforms) = postSolution
		{C01D2BE2-9E49-4C76-A66B-62D013250373}.Debug|Any CPU.ActiveCfg = Debug|Any CPU
		{C01D2BE2-9E49-4C76-A66B-62D013250373}.Debug|Any CPU.Build.0 = Debug|Any CPU
		{C01D2BE2-9E49-4C76-A66B-62D013250373}.Release|Any CPU.ActiveCfg = Release|Any CPU
		{C01D2BE2-9E49-4C76-A66B-62D013250373}.Release|Any CPU.Build.0 = Release|Any CPU
	EndGlobalSection
	GlobalSection(SolutionProperties) = preSolution
		HideSolutionNode = FALSE
	EndGlobalSection
	GlobalSection(ExtensibilityGlobals) = postSolution
		SolutionGuid = {44D76734-E1F5-4AAF-8F60-A1D505FC4403}
	EndGlobalSection
EndGlobal
